// !$*UTF8*$!
{
	archiveVersion = 1;
	classes = {
	};
	objectVersion = 56;
	objects = {

/* Begin PBXBuildFile section */
		E146AA7B2B7C61EC0076A224 /* SmartSDK.framework in Frameworks */ = {isa = PBXBuildFile; fileRef = E146AA7A2B7C61EC0076A224 /* SmartSDK.framework */; };
		E146AA7C2B7C61EC0076A224 /* SmartSDK.framework in Embed Frameworks */ = {isa = PBXBuildFile; fileRef = E146AA7A2B7C61EC0076A224 /* SmartSDK.framework */; settings = {ATTRIBUTES = (CodeSignOnCopy, RemoveHeadersOnCopy, ); }; };
		E146AAB42B7C652C0076A224 /* Main.storyboard in Resources */ = {isa = PBXBuildFile; fileRef = E4A2C3332B79F8DE0077CBFB /* Main.storyboard */; };
		E4A2C32E2B79F8DE0077CBFB /* AppDelegate.swift in Sources */ = {isa = PBXBuildFile; fileRef = E4A2C32D2B79F8DE0077CBFB /* AppDelegate.swift */; };
		E4A2C3302B79F8DE0077CBFB /* SceneDelegate.swift in Sources */ = {isa = PBXBuildFile; fileRef = E4A2C32F2B79F8DE0077CBFB /* SceneDelegate.swift */; };
		E4A2C3322B79F8DE0077CBFB /* ViewController.swift in Sources */ = {isa = PBXBuildFile; fileRef = E4A2C3312B79F8DE0077CBFB /* ViewController.swift */; };
		E4A2C3352B79F8DE0077CBFB /* Main.storyboard in Resources */ = {isa = PBXBuildFile; fileRef = E4A2C3332B79F8DE0077CBFB /* Main.storyboard */; };
		E4A2C3382B79F8DE0077CBFB /* SmartShell.xcdatamodeld in Sources */ = {isa = PBXBuildFile; fileRef = E4A2C3362B79F8DE0077CBFB /* SmartShell.xcdatamodeld */; };
		E4A2C33A2B79F8DF0077CBFB /* Assets.xcassets in Resources */ = {isa = PBXBuildFile; fileRef = E4A2C3392B79F8DF0077CBFB /* Assets.xcassets */; };
		E4A2C33D2B79F8DF0077CBFB /* LaunchScreen.storyboard in Resources */ = {isa = PBXBuildFile; fileRef = E4A2C33B2B79F8DF0077CBFB /* LaunchScreen.storyboard */; };
		E4A2C3482B79F8E00077CBFB /* SmartShellTests.swift in Sources */ = {isa = PBXBuildFile; fileRef = E4A2C3472B79F8E00077CBFB /* SmartShellTests.swift */; };
		E4A2C3522B79F8E00077CBFB /* SmartShellUITests.swift in Sources */ = {isa = PBXBuildFile; fileRef = E4A2C3512B79F8E00077CBFB /* SmartShellUITests.swift */; };
		E4A2C3542B79F8E00077CBFB /* SmartShellUITestsLaunchTests.swift in Sources */ = {isa = PBXBuildFile; fileRef = E4A2C3532B79F8E00077CBFB /* SmartShellUITestsLaunchTests.swift */; };
/* End PBXBuildFile section */

/* Begin PBXContainerItemProxy section */
		E4A2C3442B79F8E00077CBFB /* PBXContainerItemProxy */ = {
			isa = PBXContainerItemProxy;
			containerPortal = E4A2C3222B79F8DE0077CBFB /* Project object */;
			proxyType = 1;
			remoteGlobalIDString = E4A2C3292B79F8DE0077CBFB;
			remoteInfo = SmartShell;
		};
		E4A2C34E2B79F8E00077CBFB /* PBXContainerItemProxy */ = {
			isa = PBXContainerItemProxy;
			containerPortal = E4A2C3222B79F8DE0077CBFB /* Project object */;
			proxyType = 1;
			remoteGlobalIDString = E4A2C3292B79F8DE0077CBFB;
			remoteInfo = SmartShell;
		};
/* End PBXContainerItemProxy section */

/* Begin PBXCopyFilesBuildPhase section */
		E146AA7D2B7C61EC0076A224 /* Embed Frameworks */ = {
			isa = PBXCopyFilesBuildPhase;
			buildActionMask = 2147483647;
			dstPath = "";
			dstSubfolderSpec = 10;
			files = (
				E146AA7C2B7C61EC0076A224 /* SmartSDK.framework in Embed Frameworks */,
			);
			name = "Embed Frameworks";
			runOnlyForDeploymentPostprocessing = 0;
		};
/* End PBXCopyFilesBuildPhase section */

/* Begin PBXFileReference section */
		E146AA7A2B7C61EC0076A224 /* SmartSDK.framework */ = {isa = PBXFileReference; explicitFileType = wrapper.framework; path = SmartSDK.framework; sourceTree = BUILT_PRODUCTS_DIR; };
		E146AAB62B7C652F0076A224 /* en */ = {isa = PBXFileReference; lastKnownFileType = text.plist.strings; name = en; path = en.lproj/Main.strings; sourceTree = "<group>"; };
		E4A2C32A2B79F8DE0077CBFB /* SmartShell.app */ = {isa = PBXFileReference; explicitFileType = wrapper.application; includeInIndex = 0; path = SmartShell.app; sourceTree = BUILT_PRODUCTS_DIR; };
		E4A2C32D2B79F8DE0077CBFB /* AppDelegate.swift */ = {isa = PBXFileReference; lastKnownFileType = sourcecode.swift; path = AppDelegate.swift; sourceTree = "<group>"; };
		E4A2C32F2B79F8DE0077CBFB /* SceneDelegate.swift */ = {isa = PBXFileReference; lastKnownFileType = sourcecode.swift; path = SceneDelegate.swift; sourceTree = "<group>"; };
		E4A2C3312B79F8DE0077CBFB /* ViewController.swift */ = {isa = PBXFileReference; lastKnownFileType = sourcecode.swift; path = ViewController.swift; sourceTree = "<group>"; };
		E4A2C3342B79F8DE0077CBFB /* Base */ = {isa = PBXFileReference; lastKnownFileType = file.storyboard; name = Base; path = Base.lproj/Main.storyboard; sourceTree = "<group>"; };
		E4A2C3372B79F8DE0077CBFB /* SmartShell.xcdatamodel */ = {isa = PBXFileReference; lastKnownFileType = wrapper.xcdatamodel; path = SmartShell.xcdatamodel; sourceTree = "<group>"; };
		E4A2C3392B79F8DF0077CBFB /* Assets.xcassets */ = {isa = PBXFileReference; lastKnownFileType = folder.assetcatalog; path = Assets.xcassets; sourceTree = "<group>"; };
		E4A2C33C2B79F8DF0077CBFB /* Base */ = {isa = PBXFileReference; lastKnownFileType = file.storyboard; name = Base; path = Base.lproj/LaunchScreen.storyboard; sourceTree = "<group>"; };
		E4A2C33E2B79F8DF0077CBFB /* Info.plist */ = {isa = PBXFileReference; lastKnownFileType = text.plist.xml; path = Info.plist; sourceTree = "<group>"; };
		E4A2C3432B79F8E00077CBFB /* SmartShellTests.xctest */ = {isa = PBXFileReference; explicitFileType = wrapper.cfbundle; includeInIndex = 0; path = SmartShellTests.xctest; sourceTree = BUILT_PRODUCTS_DIR; };
		E4A2C3472B79F8E00077CBFB /* SmartShellTests.swift */ = {isa = PBXFileReference; lastKnownFileType = sourcecode.swift; path = SmartShellTests.swift; sourceTree = "<group>"; };
		E4A2C34D2B79F8E00077CBFB /* SmartShellUITests.xctest */ = {isa = PBXFileReference; explicitFileType = wrapper.cfbundle; includeInIndex = 0; path = SmartShellUITests.xctest; sourceTree = BUILT_PRODUCTS_DIR; };
		E4A2C3512B79F8E00077CBFB /* SmartShellUITests.swift */ = {isa = PBXFileReference; lastKnownFileType = sourcecode.swift; path = SmartShellUITests.swift; sourceTree = "<group>"; };
		E4A2C3532B79F8E00077CBFB /* SmartShellUITestsLaunchTests.swift */ = {isa = PBXFileReference; lastKnownFileType = sourcecode.swift; path = SmartShellUITestsLaunchTests.swift; sourceTree = "<group>"; };
/* End PBXFileReference section */

/* Begin PBXFrameworksBuildPhase section */
		E4A2C3272B79F8DE0077CBFB /* Frameworks */ = {
			isa = PBXFrameworksBuildPhase;
			buildActionMask = 2147483647;
			files = (
				E146AA7B2B7C61EC0076A224 /* SmartSDK.framework in Frameworks */,
			);
			runOnlyForDeploymentPostprocessing = 0;
		};
		E4A2C3402B79F8E00077CBFB /* Frameworks */ = {
			isa = PBXFrameworksBuildPhase;
			buildActionMask = 2147483647;
			files = (
			);
			runOnlyForDeploymentPostprocessing = 0;
		};
		E4A2C34A2B79F8E00077CBFB /* Frameworks */ = {
			isa = PBXFrameworksBuildPhase;
			buildActionMask = 2147483647;
			files = (
			);
			runOnlyForDeploymentPostprocessing = 0;
		};
/* End PBXFrameworksBuildPhase section */

/* Begin PBXGroup section */
		E146AA792B7C61EC0076A224 /* Frameworks */ = {
			isa = PBXGroup;
			children = (
				E146AA7A2B7C61EC0076A224 /* SmartSDK.framework */,
			);
			name = Frameworks;
			sourceTree = "<group>";
		};
		E4A2C3212B79F8DE0077CBFB = {
			isa = PBXGroup;
			children = (
				E4A2C32C2B79F8DE0077CBFB /* SmartShell */,
				E4A2C3462B79F8E00077CBFB /* SmartShellTests */,
				E4A2C3502B79F8E00077CBFB /* SmartShellUITests */,
				E4A2C32B2B79F8DE0077CBFB /* Products */,
				E146AA792B7C61EC0076A224 /* Frameworks */,
			);
			sourceTree = "<group>";
		};
		E4A2C32B2B79F8DE0077CBFB /* Products */ = {
			isa = PBXGroup;
			children = (
				E4A2C32A2B79F8DE0077CBFB /* SmartShell.app */,
				E4A2C3432B79F8E00077CBFB /* SmartShellTests.xctest */,
				E4A2C34D2B79F8E00077CBFB /* SmartShellUITests.xctest */,
			);
			name = Products;
			sourceTree = "<group>";
		};
		E4A2C32C2B79F8DE0077CBFB /* SmartShell */ = {
			isa = PBXGroup;
			children = (
				E4A2C32D2B79F8DE0077CBFB /* AppDelegate.swift */,
				E4A2C32F2B79F8DE0077CBFB /* SceneDelegate.swift */,
				E4A2C3312B79F8DE0077CBFB /* ViewController.swift */,
				E4A2C3332B79F8DE0077CBFB /* Main.storyboard */,
				E4A2C3392B79F8DF0077CBFB /* Assets.xcassets */,
				E4A2C33B2B79F8DF0077CBFB /* LaunchScreen.storyboard */,
				E4A2C33E2B79F8DF0077CBFB /* Info.plist */,
				E4A2C3362B79F8DE0077CBFB /* SmartShell.xcdatamodeld */,
			);
			path = SmartShell;
			sourceTree = "<group>";
		};
		E4A2C3462B79F8E00077CBFB /* SmartShellTests */ = {
			isa = PBXGroup;
			children = (
				E4A2C3472B79F8E00077CBFB /* SmartShellTests.swift */,
			);
			path = SmartShellTests;
			sourceTree = "<group>";
		};
		E4A2C3502B79F8E00077CBFB /* SmartShellUITests */ = {
			isa = PBXGroup;
			children = (
				E4A2C3512B79F8E00077CBFB /* SmartShellUITests.swift */,
				E4A2C3532B79F8E00077CBFB /* SmartShellUITestsLaunchTests.swift */,
			);
			path = SmartShellUITests;
			sourceTree = "<group>";
		};
/* End PBXGroup section */

/* Begin PBXNativeTarget section */
		E4A2C3292B79F8DE0077CBFB /* SmartShell */ = {
			isa = PBXNativeTarget;
			buildConfigurationList = E4A2C3572B79F8E00077CBFB /* Build configuration list for PBXNativeTarget "SmartShell" */;
			buildPhases = (
				E4A2C3262B79F8DE0077CBFB /* Sources */,
				E4A2C3272B79F8DE0077CBFB /* Frameworks */,
				E4A2C3282B79F8DE0077CBFB /* Resources */,
				E146AA7D2B7C61EC0076A224 /* Embed Frameworks */,
			);
			buildRules = (
			);
			dependencies = (
			);
			name = SmartShell;
			packageProductDependencies = (
			);
			productName = SmartShell;
			productReference = E4A2C32A2B79F8DE0077CBFB /* SmartShell.app */;
			productType = "com.apple.product-type.application";
		};
		E4A2C3422B79F8E00077CBFB /* SmartShellTests */ = {
			isa = PBXNativeTarget;
			buildConfigurationList = E4A2C35A2B79F8E00077CBFB /* Build configuration list for PBXNativeTarget "SmartShellTests" */;
			buildPhases = (
				E4A2C33F2B79F8E00077CBFB /* Sources */,
				E4A2C3402B79F8E00077CBFB /* Frameworks */,
				E4A2C3412B79F8E00077CBFB /* Resources */,
			);
			buildRules = (
			);
			dependencies = (
				E4A2C3452B79F8E00077CBFB /* PBXTargetDependency */,
			);
			name = SmartShellTests;
			productName = SmartShellTests;
			productReference = E4A2C3432B79F8E00077CBFB /* SmartShellTests.xctest */;
			productType = "com.apple.product-type.bundle.unit-test";
		};
		E4A2C34C2B79F8E00077CBFB /* SmartShellUITests */ = {
			isa = PBXNativeTarget;
			buildConfigurationList = E4A2C35D2B79F8E00077CBFB /* Build configuration list for PBXNativeTarget "SmartShellUITests" */;
			buildPhases = (
				E4A2C3492B79F8E00077CBFB /* Sources */,
				E4A2C34A2B79F8E00077CBFB /* Frameworks */,
				E4A2C34B2B79F8E00077CBFB /* Resources */,
			);
			buildRules = (
			);
			dependencies = (
				E4A2C34F2B79F8E00077CBFB /* PBXTargetDependency */,
			);
			name = SmartShellUITests;
			productName = SmartShellUITests;
			productReference = E4A2C34D2B79F8E00077CBFB /* SmartShellUITests.xctest */;
			productType = "com.apple.product-type.bundle.ui-testing";
		};
/* End PBXNativeTarget section */

/* Begin PBXProject section */
		E4A2C3222B79F8DE0077CBFB /* Project object */ = {
			isa = PBXProject;
			attributes = {
				BuildIndependentTargetsInParallel = 1;
				LastSwiftUpdateCheck = 1520;
				LastUpgradeCheck = 1520;
				TargetAttributes = {
					E4A2C3292B79F8DE0077CBFB = {
						CreatedOnToolsVersion = 15.2;
					};
					E4A2C3422B79F8E00077CBFB = {
						CreatedOnToolsVersion = 15.2;
						TestTargetID = E4A2C3292B79F8DE0077CBFB;
					};
					E4A2C34C2B79F8E00077CBFB = {
						CreatedOnToolsVersion = 15.2;
						TestTargetID = E4A2C3292B79F8DE0077CBFB;
					};
				};
			};
			buildConfigurationList = E4A2C3252B79F8DE0077CBFB /* Build configuration list for PBXProject "SmartShell" */;
			compatibilityVersion = "Xcode 14.0";
			developmentRegion = en;
			hasScannedForEncodings = 0;
			knownRegions = (
				en,
				Base,
			);
			mainGroup = E4A2C3212B79F8DE0077CBFB;
			packageReferences = (
			);
			productRefGroup = E4A2C32B2B79F8DE0077CBFB /* Products */;
			projectDirPath = "";
			projectRoot = "";
			targets = (
				E4A2C3292B79F8DE0077CBFB /* SmartShell */,
				E4A2C3422B79F8E00077CBFB /* SmartShellTests */,
				E4A2C34C2B79F8E00077CBFB /* SmartShellUITests */,
			);
		};
/* End PBXProject section */

/* Begin PBXResourcesBuildPhase section */
		E4A2C3282B79F8DE0077CBFB /* Resources */ = {
			isa = PBXResourcesBuildPhase;
			buildActionMask = 2147483647;
			files = (
				E4A2C33D2B79F8DF0077CBFB /* LaunchScreen.storyboard in Resources */,
				E4A2C33A2B79F8DF0077CBFB /* Assets.xcassets in Resources */,
				E4A2C3352B79F8DE0077CBFB /* Main.storyboard in Resources */,
			);
			runOnlyForDeploymentPostprocessing = 0;
		};
		E4A2C3412B79F8E00077CBFB /* Resources */ = {
			isa = PBXResourcesBuildPhase;
			buildActionMask = 2147483647;
			files = (
			);
			runOnlyForDeploymentPostprocessing = 0;
		};
		E4A2C34B2B79F8E00077CBFB /* Resources */ = {
			isa = PBXResourcesBuildPhase;
			buildActionMask = 2147483647;
			files = (
				E146AAB42B7C652C0076A224 /* Main.storyboard in Resources */,
			);
			runOnlyForDeploymentPostprocessing = 0;
		};
/* End PBXResourcesBuildPhase section */

/* Begin PBXSourcesBuildPhase section */
		E4A2C3262B79F8DE0077CBFB /* Sources */ = {
			isa = PBXSourcesBuildPhase;
			buildActionMask = 2147483647;
			files = (
				E4A2C3322B79F8DE0077CBFB /* ViewController.swift in Sources */,
				E4A2C32E2B79F8DE0077CBFB /* AppDelegate.swift in Sources */,
				E4A2C3382B79F8DE0077CBFB /* SmartShell.xcdatamodeld in Sources */,
				E4A2C3302B79F8DE0077CBFB /* SceneDelegate.swift in Sources */,
			);
			runOnlyForDeploymentPostprocessing = 0;
		};
		E4A2C33F2B79F8E00077CBFB /* Sources */ = {
			isa = PBXSourcesBuildPhase;
			buildActionMask = 2147483647;
			files = (
				E4A2C3482B79F8E00077CBFB /* SmartShellTests.swift in Sources */,
			);
			runOnlyForDeploymentPostprocessing = 0;
		};
		E4A2C3492B79F8E00077CBFB /* Sources */ = {
			isa = PBXSourcesBuildPhase;
			buildActionMask = 2147483647;
			files = (
				E4A2C3522B79F8E00077CBFB /* SmartShellUITests.swift in Sources */,
				E4A2C3542B79F8E00077CBFB /* SmartShellUITestsLaunchTests.swift in Sources */,
			);
			runOnlyForDeploymentPostprocessing = 0;
		};
/* End PBXSourcesBuildPhase section */

/* Begin PBXTargetDependency section */
		E4A2C3452B79F8E00077CBFB /* PBXTargetDependency */ = {
			isa = PBXTargetDependency;
			target = E4A2C3292B79F8DE0077CBFB /* SmartShell */;
			targetProxy = E4A2C3442B79F8E00077CBFB /* PBXContainerItemProxy */;
		};
		E4A2C34F2B79F8E00077CBFB /* PBXTargetDependency */ = {
			isa = PBXTargetDependency;
			target = E4A2C3292B79F8DE0077CBFB /* SmartShell */;
			targetProxy = E4A2C34E2B79F8E00077CBFB /* PBXContainerItemProxy */;
		};
/* End PBXTargetDependency section */

/* Begin PBXVariantGroup section */
		E4A2C3332B79F8DE0077CBFB /* Main.storyboard */ = {
			isa = PBXVariantGroup;
			children = (
				E4A2C3342B79F8DE0077CBFB /* Base */,
				E146AAB62B7C652F0076A224 /* en */,
			);
			name = Main.storyboard;
			sourceTree = "<group>";
		};
		E4A2C33B2B79F8DF0077CBFB /* LaunchScreen.storyboard */ = {
			isa = PBXVariantGroup;
			children = (
				E4A2C33C2B79F8DF0077CBFB /* Base */,
			);
			name = LaunchScreen.storyboard;
			sourceTree = "<group>";
		};
/* End PBXVariantGroup section */

/* Begin XCBuildConfiguration section */
		E4A2C3552B79F8E00077CBFB /* Debug */ = {
			isa = XCBuildConfiguration;
			buildSettings = {
				ALWAYS_SEARCH_USER_PATHS = NO;
				ASSETCATALOG_COMPILER_GENERATE_SWIFT_ASSET_SYMBOL_EXTENSIONS = YES;
				CLANG_ANALYZER_NONNULL = YES;
				CLANG_ANALYZER_NUMBER_OBJECT_CONVERSION = YES_AGGRESSIVE;
				CLANG_CXX_LANGUAGE_STANDARD = "gnu++20";
				CLANG_ENABLE_MODULES = YES;
				CLANG_ENABLE_OBJC_ARC = YES;
				CLANG_ENABLE_OBJC_WEAK = YES;
				CLANG_WARN_BLOCK_CAPTURE_AUTORELEASING = YES;
				CLANG_WARN_BOOL_CONVERSION = YES;
				CLANG_WARN_COMMA = YES;
				CLANG_WARN_CONSTANT_CONVERSION = YES;
				CLANG_WARN_DEPRECATED_OBJC_IMPLEMENTATIONS = YES;
				CLANG_WARN_DIRECT_OBJC_ISA_USAGE = YES_ERROR;
				CLANG_WARN_DOCUMENTATION_COMMENTS = YES;
				CLANG_WARN_EMPTY_BODY = YES;
				CLANG_WARN_ENUM_CONVERSION = YES;
				CLANG_WARN_INFINITE_RECURSION = YES;
				CLANG_WARN_INT_CONVERSION = YES;
				CLANG_WARN_NON_LITERAL_NULL_CONVERSION = YES;
				CLANG_WARN_OBJC_IMPLICIT_RETAIN_SELF = YES;
				CLANG_WARN_OBJC_LITERAL_CONVERSION = YES;
				CLANG_WARN_OBJC_ROOT_CLASS = YES_ERROR;
				CLANG_WARN_QUOTED_INCLUDE_IN_FRAMEWORK_HEADER = YES;
				CLANG_WARN_RANGE_LOOP_ANALYSIS = YES;
				CLANG_WARN_STRICT_PROTOTYPES = YES;
				CLANG_WARN_SUSPICIOUS_MOVE = YES;
				CLANG_WARN_UNGUARDED_AVAILABILITY = YES_AGGRESSIVE;
				CLANG_WARN_UNREACHABLE_CODE = YES;
				CLANG_WARN__DUPLICATE_METHOD_MATCH = YES;
				COPY_PHASE_STRIP = NO;
				DEBUG_INFORMATION_FORMAT = dwarf;
				ENABLE_STRICT_OBJC_MSGSEND = YES;
				ENABLE_TESTABILITY = YES;
				ENABLE_USER_SCRIPT_SANDBOXING = YES;
				GCC_C_LANGUAGE_STANDARD = gnu17;
				GCC_DYNAMIC_NO_PIC = NO;
				GCC_NO_COMMON_BLOCKS = YES;
				GCC_OPTIMIZATION_LEVEL = 0;
				GCC_PREPROCESSOR_DEFINITIONS = (
					"DEBUG=1",
					"$(inherited)",
				);
				GCC_WARN_64_TO_32_BIT_CONVERSION = YES;
				GCC_WARN_ABOUT_RETURN_TYPE = YES_ERROR;
				GCC_WARN_UNDECLARED_SELECTOR = YES;
				GCC_WARN_UNINITIALIZED_AUTOS = YES_AGGRESSIVE;
				GCC_WARN_UNUSED_FUNCTION = YES;
				GCC_WARN_UNUSED_VARIABLE = YES;
				IPHONEOS_DEPLOYMENT_TARGET = 17.2;
				LOCALIZATION_PREFERS_STRING_CATALOGS = YES;
				MTL_ENABLE_DEBUG_INFO = INCLUDE_SOURCE;
				MTL_FAST_MATH = YES;
				ONLY_ACTIVE_ARCH = YES;
				SDKROOT = iphoneos;
				SWIFT_ACTIVE_COMPILATION_CONDITIONS = "DEBUG $(inherited)";
				SWIFT_OPTIMIZATION_LEVEL = "-Onone";
			};
			name = Debug;
		};
		E4A2C3562B79F8E00077CBFB /* Release */ = {
			isa = XCBuildConfiguration;
			buildSettings = {
				ALWAYS_SEARCH_USER_PATHS = NO;
				ASSETCATALOG_COMPILER_GENERATE_SWIFT_ASSET_SYMBOL_EXTENSIONS = YES;
				CLANG_ANALYZER_NONNULL = YES;
				CLANG_ANALYZER_NUMBER_OBJECT_CONVERSION = YES_AGGRESSIVE;
				CLANG_CXX_LANGUAGE_STANDARD = "gnu++20";
				CLANG_ENABLE_MODULES = YES;
				CLANG_ENABLE_OBJC_ARC = YES;
				CLANG_ENABLE_OBJC_WEAK = YES;
				CLANG_WARN_BLOCK_CAPTURE_AUTORELEASING = YES;
				CLANG_WARN_BOOL_CONVERSION = YES;
				CLANG_WARN_COMMA = YES;
				CLANG_WARN_CONSTANT_CONVERSION = YES;
				CLANG_WARN_DEPRECATED_OBJC_IMPLEMENTATIONS = YES;
				CLANG_WARN_DIRECT_OBJC_ISA_USAGE = YES_ERROR;
				CLANG_WARN_DOCUMENTATION_COMMENTS = YES;
				CLANG_WARN_EMPTY_BODY = YES;
				CLANG_WARN_ENUM_CONVERSION = YES;
				CLANG_WARN_INFINITE_RECURSION = YES;
				CLANG_WARN_INT_CONVERSION = YES;
				CLANG_WARN_NON_LITERAL_NULL_CONVERSION = YES;
				CLANG_WARN_OBJC_IMPLICIT_RETAIN_SELF = YES;
				CLANG_WARN_OBJC_LITERAL_CONVERSION = YES;
				CLANG_WARN_OBJC_ROOT_CLASS = YES_ERROR;
				CLANG_WARN_QUOTED_INCLUDE_IN_FRAMEWORK_HEADER = YES;
				CLANG_WARN_RANGE_LOOP_ANALYSIS = YES;
				CLANG_WARN_STRICT_PROTOTYPES = YES;
				CLANG_WARN_SUSPICIOUS_MOVE = YES;
				CLANG_WARN_UNGUARDED_AVAILABILITY = YES_AGGRESSIVE;
				CLANG_WARN_UNREACHABLE_CODE = YES;
				CLANG_WARN__DUPLICATE_METHOD_MATCH = YES;
				COPY_PHASE_STRIP = NO;
				DEBUG_INFORMATION_FORMAT = "dwarf-with-dsym";
				ENABLE_NS_ASSERTIONS = NO;
				ENABLE_STRICT_OBJC_MSGSEND = YES;
				ENABLE_USER_SCRIPT_SANDBOXING = YES;
				GCC_C_LANGUAGE_STANDARD = gnu17;
				GCC_NO_COMMON_BLOCKS = YES;
				GCC_WARN_64_TO_32_BIT_CONVERSION = YES;
				GCC_WARN_ABOUT_RETURN_TYPE = YES_ERROR;
				GCC_WARN_UNDECLARED_SELECTOR = YES;
				GCC_WARN_UNINITIALIZED_AUTOS = YES_AGGRESSIVE;
				GCC_WARN_UNUSED_FUNCTION = YES;
				GCC_WARN_UNUSED_VARIABLE = YES;
				IPHONEOS_DEPLOYMENT_TARGET = 17.2;
				LOCALIZATION_PREFERS_STRING_CATALOGS = YES;
				MTL_ENABLE_DEBUG_INFO = NO;
				MTL_FAST_MATH = YES;
				SDKROOT = iphoneos;
				SWIFT_COMPILATION_MODE = wholemodule;
				VALIDATE_PRODUCT = YES;
			};
			name = Release;
		};
		E4A2C3582B79F8E00077CBFB /* Debug */ = {
			isa = XCBuildConfiguration;
			buildSettings = {
				ASSETCATALOG_COMPILER_APPICON_NAME = AppIcon;
				ASSETCATALOG_COMPILER_GLOBAL_ACCENT_COLOR_NAME = AccentColor;
				CODE_SIGN_STYLE = Automatic;
				CURRENT_PROJECT_VERSION = 1;
				DEVELOPMENT_TEAM = 8HKBCE62TS;
				GENERATE_INFOPLIST_FILE = YES;
				INFOPLIST_FILE = SmartShell/Info.plist;
				INFOPLIST_KEY_UIApplicationSupportsIndirectInputEvents = YES;
				INFOPLIST_KEY_UILaunchStoryboardName = LaunchScreen;
				INFOPLIST_KEY_UIMainStoryboardFile = Main;
				INFOPLIST_KEY_UISupportedInterfaceOrientations_iPad = "UIInterfaceOrientationPortrait UIInterfaceOrientationPortraitUpsideDown UIInterfaceOrientationLandscapeLeft UIInterfaceOrientationLandscapeRight";
				INFOPLIST_KEY_UISupportedInterfaceOrientations_iPhone = "UIInterfaceOrientationPortrait UIInterfaceOrientationLandscapeLeft UIInterfaceOrientationLandscapeRight";
				IPHONEOS_DEPLOYMENT_TARGET = 13.0;
				LD_RUNPATH_SEARCH_PATHS = (
					"$(inherited)",
					"@executable_path/Frameworks",
				);
				MARKETING_VERSION = 1.0;
				PRODUCT_BUNDLE_IDENTIFIER = com.raj.poc.SmartShell;
				PRODUCT_NAME = "$(TARGET_NAME)";
				SWIFT_EMIT_LOC_STRINGS = YES;
				SWIFT_VERSION = 5.0;
				TARGETED_DEVICE_FAMILY = "1,2";
			};
			name = Debug;
		};
		E4A2C3592B79F8E00077CBFB /* Release */ = {
			isa = XCBuildConfiguration;
			buildSettings = {
				ASSETCATALOG_COMPILER_APPICON_NAME = AppIcon;
				ASSETCATALOG_COMPILER_GLOBAL_ACCENT_COLOR_NAME = AccentColor;
				CODE_SIGN_STYLE = Automatic;
				CURRENT_PROJECT_VERSION = 1;
				DEVELOPMENT_TEAM = 8HKBCE62TS;
				GENERATE_INFOPLIST_FILE = YES;
				INFOPLIST_FILE = SmartShell/Info.plist;
				INFOPLIST_KEY_UIApplicationSupportsIndirectInputEvents = YES;
				INFOPLIST_KEY_UILaunchStoryboardName = LaunchScreen;
				INFOPLIST_KEY_UIMainStoryboardFile = Main;
				INFOPLIST_KEY_UISupportedInterfaceOrientations_iPad = "UIInterfaceOrientationPortrait UIInterfaceOrientationPortraitUpsideDown UIInterfaceOrientationLandscapeLeft UIInterfaceOrientationLandscapeRight";
				INFOPLIST_KEY_UISupportedInterfaceOrientations_iPhone = "UIInterfaceOrientationPortrait UIInterfaceOrientationLandscapeLeft UIInterfaceOrientationLandscapeRight";
				IPHONEOS_DEPLOYMENT_TARGET = 13.0;
				LD_RUNPATH_SEARCH_PATHS = (
					"$(inherited)",
					"@executable_path/Frameworks",
				);
				MARKETING_VERSION = 1.0;
				PRODUCT_BUNDLE_IDENTIFIER = com.raj.poc.SmartShell;
				PRODUCT_NAME = "$(TARGET_NAME)";
				SWIFT_EMIT_LOC_STRINGS = YES;
				SWIFT_VERSION = 5.0;
				TARGETED_DEVICE_FAMILY = "1,2";
			};
			name = Release;
		};
		E4A2C35B2B79F8E00077CBFB /* Debug */ = {
			isa = XCBuildConfiguration;
			buildSettings = {
				ALWAYS_EMBED_SWIFT_STANDARD_LIBRARIES = YES;
				BUNDLE_LOADER = "$(TEST_HOST)";
				CODE_SIGN_STYLE = Automatic;
				CURRENT_PROJECT_VERSION = 1;
				DEVELOPMENT_TEAM = 8HKBCE62TS;
				GENERATE_INFOPLIST_FILE = YES;
				IPHONEOS_DEPLOYMENT_TARGET = 17.2;
				MARKETING_VERSION = 1.0;
				PRODUCT_BUNDLE_IDENTIFIER = com.raj.poc.SmartShellTests;
				PRODUCT_NAME = "$(TARGET_NAME)";
				SWIFT_EMIT_LOC_STRINGS = NO;
				SWIFT_VERSION = 5.0;
				TARGETED_DEVICE_FAMILY = "1,2";
				TEST_HOST = "$(BUILT_PRODUCTS_DIR)/SmartShell.app/$(BUNDLE_EXECUTABLE_FOLDER_PATH)/SmartShell";
			};
			name = Debug;
		};
		E4A2C35C2B79F8E00077CBFB /* Release */ = {
			isa = XCBuildConfiguration;
			buildSettings = {
				ALWAYS_EMBED_SWIFT_STANDARD_LIBRARIES = YES;
				BUNDLE_LOADER = "$(TEST_HOST)";
				CODE_SIGN_STYLE = Automatic;
				CURRENT_PROJECT_VERSION = 1;
				DEVELOPMENT_TEAM = 8HKBCE62TS;
				GENERATE_INFOPLIST_FILE = YES;
				IPHONEOS_DEPLOYMENT_TARGET = 17.2;
				MARKETING_VERSION = 1.0;
				PRODUCT_BUNDLE_IDENTIFIER = com.raj.poc.SmartShellTests;
				PRODUCT_NAME = "$(TARGET_NAME)";
				SWIFT_EMIT_LOC_STRINGS = NO;
				SWIFT_VERSION = 5.0;
				TARGETED_DEVICE_FAMILY = "1,2";
				TEST_HOST = "$(BUILT_PRODUCTS_DIR)/SmartShell.app/$(BUNDLE_EXECUTABLE_FOLDER_PATH)/SmartShell";
			};
			name = Release;
		};
		E4A2C35E2B79F8E00077CBFB /* Debug */ = {
			isa = XCBuildConfiguration;
			buildSettings = {
				ALWAYS_EMBED_SWIFT_STANDARD_LIBRARIES = YES;
				CODE_SIGN_STYLE = Automatic;
				CURRENT_PROJECT_VERSION = 1;
				DEVELOPMENT_TEAM = 8HKBCE62TS;
				GENERATE_INFOPLIST_FILE = YES;
				MARKETING_VERSION = 1.0;
				PRODUCT_BUNDLE_IDENTIFIER = com.raj.poc.SmartShellUITests;
				PRODUCT_NAME = "$(TARGET_NAME)";
				SWIFT_EMIT_LOC_STRINGS = NO;
				SWIFT_VERSION = 5.0;
				TARGETED_DEVICE_FAMILY = "1,2";
				TEST_TARGET_NAME = SmartShell;
			};
			name = Debug;
		};
		E4A2C35F2B79F8E00077CBFB /* Release */ = {
			isa = XCBuildConfiguration;
			buildSettings = {
				ALWAYS_EMBED_SWIFT_STANDARD_LIBRARIES = YES;
				CODE_SIGN_STYLE = Automatic;
				CURRENT_PROJECT_VERSION = 1;
				DEVELOPMENT_TEAM = 8HKBCE62TS;
				GENERATE_INFOPLIST_FILE = YES;
				MARKETING_VERSION = 1.0;
				PRODUCT_BUNDLE_IDENTIFIER = com.raj.poc.SmartShellUITests;
				PRODUCT_NAME = "$(TARGET_NAME)";
				SWIFT_EMIT_LOC_STRINGS = NO;
				SWIFT_VERSION = 5.0;
				TARGETED_DEVICE_FAMILY = "1,2";
				TEST_TARGET_NAME = SmartShell;
			};
			name = Release;
		};
/* End XCBuildConfiguration section */

/* Begin XCConfigurationList section */
		E4A2C3252B79F8DE0077CBFB /* Build configuration list for PBXProject "SmartShell" */ = {
			isa = XCConfigurationList;
			buildConfigurations = (
				E4A2C3552B79F8E00077CBFB /* Debug */,
				E4A2C3562B79F8E00077CBFB /* Release */,
			);
			defaultConfigurationIsVisible = 0;
			defaultConfigurationName = Release;
		};
		E4A2C3572B79F8E00077CBFB /* Build configuration list for PBXNativeTarget "SmartShell" */ = {
			isa = XCConfigurationList;
			buildConfigurations = (
				E4A2C3582B79F8E00077CBFB /* Debug */,
				E4A2C3592B79F8E00077CBFB /* Release */,
			);
			defaultConfigurationIsVisible = 0;
			defaultConfigurationName = Release;
		};
		E4A2C35A2B79F8E00077CBFB /* Build configuration list for PBXNativeTarget "SmartShellTests" */ = {
			isa = XCConfigurationList;
			buildConfigurations = (
				E4A2C35B2B79F8E00077CBFB /* Debug */,
				E4A2C35C2B79F8E00077CBFB /* Release */,
			);
			defaultConfigurationIsVisible = 0;
			defaultConfigurationName = Release;
		};
		E4A2C35D2B79F8E00077CBFB /* Build configuration list for PBXNativeTarget "SmartShellUITests" */ = {
			isa = XCConfigurationList;
			buildConfigurations = (
				E4A2C35E2B79F8E00077CBFB /* Debug */,
				E4A2C35F2B79F8E00077CBFB /* Release */,
			);
			defaultConfigurationIsVisible = 0;
			defaultConfigurationName = Release;
		};
/* End XCConfigurationList section */

/* Begin XCVersionGroup section */
		E4A2C3362B79F8DE0077CBFB /* SmartShell.xcdatamodeld */ = {
			isa = XCVersionGroup;
			children = (
				E4A2C3372B79F8DE0077CBFB /* SmartShell.xcdatamodel */,
			);
			currentVersion = E4A2C3372B79F8DE0077CBFB /* SmartShell.xcdatamodel */;
			path = SmartShell.xcdatamodeld;
			sourceTree = "<group>";
			versionGroupType = wrapper.xcdatamodel;
		};
/* End XCVersionGroup section */
	};
	rootObject = E4A2C3222B79F8DE0077CBFB /* Project object */;
}
